
Microsoft Visual Studio Solution File, Format Version 12.00
# Visual Studio Version 17
VisualStudioVersion = 17.3.32922.545
MinimumVisualStudioVersion = 10.0.40219.1
Project("{FAE04EC0-301F-11D3-BF4B-00C04F79EFBC}") = "WinFormsJsonGeneric", "WinFormsJsonGeneric\WinFormsJsonGeneric.csproj", "{1308A8B7-84E6-40F5-89FD-83F822CD9BA5}"
EndProject
Global
	GlobalSection(SolutionConfigurationPlatforms) = preSolution
		Debug|Any CPU = Debug|Any CPU
		Release|Any CPU = Release|Any CPU
	EndGlobalSection
	GlobalSection(ProjectConfigurationPlatforms) = postSolution
		{1308A8B7-84E6-40F5-89FD-83F822CD9BA5}.Debug|Any CPU.ActiveCfg = Debug|Any CPU
		{1308A8B7-84E6-40F5-89FD-83F822CD9BA5}.Debug|Any CPU.Build.0 = Debug|Any CPU
		{1308A8B7-84E6-40F5-89FD-83F822CD9BA5}.Release|Any CPU.ActiveCfg = Release|Any CPU
		{1308A8B7-84E6-40F5-89FD-83F822CD9BA5}.Release|Any CPU.Build.0 = Release|Any CPU
	EndGlobalSection
	GlobalSection(SolutionProperties) = preSolution
		HideSolutionNode = FALSE
	EndGlobalSection
	GlobalSection(ExtensibilityGlobals) = postSolution
		SolutionGuid = {DA915087-CB05-4C1A-A909-ACD2D90441B6}
	EndGlobalSection
EndGlobal
